
Microsoft Visual Studio Solution File, Format Version 12.00
# Visual Studio Version 16
VisualStudioVersion = 16.0.30114.105
MinimumVisualStudioVersion = 10.0.40219.1
Project("{FAE04EC0-301F-11D3-BF4B-00C04F79EFBC}") = "Demo4AppClientWithAll.Server", "Demo4AppClientWithAll\Server\Demo4AppClientWithAll.Server.csproj", "{D34FEB64-F384-4BFE-B9ED-30D0AD0DA723}"
EndProject
Project("{FAE04EC0-301F-11D3-BF4B-00C04F79EFBC}") = "Demo4AppClientWithAll.Client", "Demo4AppClientWithAll\Client\Demo4AppClientWithAll.Client.csproj", "{898ED251-D6AE-4C5C-BF4B-7AE40DFB9FF1}"
EndProject
Project("{FAE04EC0-301F-11D3-BF4B-00C04F79EFBC}") = "Demo4AppClientWithAll.Shared", "Demo4AppClientWithAll\Shared\Demo4AppClientWithAll.Shared.csproj", "{63F6A7D7-43BE-4080-A432-D9F86A406C2B}"
EndProject
Global
	GlobalSection(SolutionConfigurationPlatforms) = preSolution
		Debug|Any CPU = Debug|Any CPU
		Release|Any CPU = Release|Any CPU
	EndGlobalSection
	GlobalSection(ProjectConfigurationPlatforms) = postSolution
		{D34FEB64-F384-4BFE-B9ED-30D0AD0DA723}.Debug|Any CPU.ActiveCfg = Debug|Any CPU
		{D34FEB64-F384-4BFE-B9ED-30D0AD0DA723}.Debug|Any CPU.Build.0 = Debug|Any CPU
		{D34FEB64-F384-4BFE-B9ED-30D0AD0DA723}.Release|Any CPU.ActiveCfg = Release|Any CPU
		{D34FEB64-F384-4BFE-B9ED-30D0AD0DA723}.Release|Any CPU.Build.0 = Release|Any CPU
		{898ED251-D6AE-4C5C-BF4B-7AE40DFB9FF1}.Debug|Any CPU.ActiveCfg = Debug|Any CPU
		{898ED251-D6AE-4C5C-BF4B-7AE40DFB9FF1}.Debug|Any CPU.Build.0 = Debug|Any CPU
		{898ED251-D6AE-4C5C-BF4B-7AE40DFB9FF1}.Release|Any CPU.ActiveCfg = Release|Any CPU
		{898ED251-D6AE-4C5C-BF4B-7AE40DFB9FF1}.Release|Any CPU.Build.0 = Release|Any CPU
		{63F6A7D7-43BE-4080-A432-D9F86A406C2B}.Debug|Any CPU.ActiveCfg = Debug|Any CPU
		{63F6A7D7-43BE-4080-A432-D9F86A406C2B}.Debug|Any CPU.Build.0 = Debug|Any CPU
		{63F6A7D7-43BE-4080-A432-D9F86A406C2B}.Release|Any CPU.ActiveCfg = Release|Any CPU
		{63F6A7D7-43BE-4080-A432-D9F86A406C2B}.Release|Any CPU.Build.0 = Release|Any CPU
	EndGlobalSection
	GlobalSection(SolutionProperties) = preSolution
		HideSolutionNode = FALSE
	EndGlobalSection
	GlobalSection(ExtensibilityGlobals) = postSolution
		SolutionGuid = {B768B855-B8F6-41DF-8460-8159336B5CF6}
	EndGlobalSection
EndGlobal
